<?xml version="1.0" encoding="UTF-8" standalone="yes" ?>
<CodeBlocks_project_file>
	<FileVersion major="1" minor="6" />
	<Project>
		<Option title="JVK" />
		<Option pch_mode="2" />
		<Option compiler="gcc" />
		<Build>
			<Target title="Debug">
				<Option output="main.exe" prefix_auto="1" extension_auto="0" />
				<Option object_output="_temp" />
				<Option type="1" />
				<Option compiler="gcc" />
				<Compiler>
					<Add option="-g" />
					<Add directory="C:/SDL2old/i686-w64-mingw32/include" />
					<Add directory="C:/SDL2old/SDL2_ttf-devel-2.0.18-mingw/SDL2_ttf-2.0.18/i686-w64-mingw32/include" />
					<Add directory="C:/SDL2old/SDL2_image-2.8.8/i686-w64-mingw32/include" />
					<Add directory="C:/SDL2old/SDL2_mixer-2.8.1/i686-w64-mingw32/include" />
				</Compiler>
				<Linker>
					<Add library="libmingw32.a" />
					<Add library="libSDL2main.a" />
					<Add library="libSDL2.a" />
					<Add library="libSDL2.dll.a" />
					<Add library="libSDL2_ttf.a" />
					<Add library="libSDL2_ttf.dll.a" />
					<Add library="libSDL2_mixer.a" />
					<Add library="libSDL2_mixer.dll.a" />
					<Add library="libSDL2_image.a" />
					<Add library="libSDL2_image.dll.a" />
					<Add directory="C:/SDL2old/i686-w64-mingw32/lib" />
					<Add directory="C:/SDL2old/SDL2_ttf-devel-2.0.18-mingw/SDL2_ttf-2.0.18/i686-w64-mingw32/lib" />
					<Add directory="C:/SDL2old/SDL2_image-2.8.8/i686-w64-mingw32/lib" />
					<Add directory="C:/SDL2old/SDL2_mixer-2.8.1/i686-w64-mingw32/lib" />
				</Linker>
			</Target>
			<Target title="Release">
				<Option output="bin/Release/test2" prefix_auto="1" extension_auto="1" />
				<Option object_output="obj/Release/" />
				<Option type="1" />
				<Option compiler="gcc" />
				<Compiler>
					<Add option="-O2" />
				</Compiler>
				<Linker>
					<Add option="-s" />
				</Linker>
			</Target>
		</Build>
		<Compiler>
			<Add option="-Wall" />
		</Compiler>
		<Unit filename="main.c">
			<Option compilerVar="CC" />
		</Unit>
		<Unit filename="src/ai/ai.h" />
		<Unit filename="src/ai/ai_congress.h" />
		<Unit filename="src/ai/ai_isolation.h" />
		<Unit filename="src/ai/ai_katarenga.h" />
		<Unit filename="src/core/menu.h" />
		<Unit filename="src/core/online.h" />
		<Unit filename="src/core/ui.h" />
		<Unit filename="src/game/board.h" />
		<Unit filename="src/game/board_ui.h" />
		<Unit filename="src/game/congress.h" />
		<Unit filename="src/game/isolation.h" />
		<Unit filename="src/game/katarenga.h" />
		<Extensions>
			<lib_finder disable_auto="1" />
		</Extensions>
	</Project>
</CodeBlocks_project_file>
